github.com/bitly/go-hostpool v0.0.0-20171023180738-a3a6125de932 h1:mXoPYz/Ul5HYEDvkta6I8/rnYM5gSdSV2tJ6XbZuEtY=
github.com/bitly/go-hostpool v0.0.0-20171023180738-a3a6125de932/go.mod h1:NOuUCSz6Q9T7+igc/hlvDOUdtWKryOrtFyIVABv/p7k=
github.com/bmizerany/assert v0.0.0-20160611221934-b7ed37b82869 h1:DDGfHa7BWjL4YnC6+E63dPcxHo2sUxDIu8g3QgEJdRY=
github.com/bmizerany/assert v0.0.0-20160611221934-b7ed37b82869/go.mod h1:Ekp36dRnpXw/yCqJaO+ZrUyxD+3VXMFFr56k5XYrpB4=
github.com/davecgh/go-spew v1.1.0 h1:ZDRjVQ15GmhC3fiQ8ni8+OwkZQO4DARzQgrnXU1Liz8=
github.com/davecgh/go-spew v1.1.0/go.mod h1:J7Y8YcW2NihsgmVo/mv3lAwl/skON4iLHjSsI+c5H38=
github.com/db-journey/cassandra-driver v0.0.0-20190926171725-08ba6fd37055 h1:POjSOiB9KeMmgnyfReJNTBaJtUPLPXYWqAtmlFelRGg=
github.com/db-journey/cassandra-driver v0.0.0-20190926171725-08ba6fd37055/go.mod h1:8Oir+CvqXq+2AMztpGbalVC2UlOOG3p/Nykg3m64o04=
github.com/db-journey/cassandra-driver v1.1.1 h1:MUCpg30tegY/vkfow4xep9E+vPXjRKbQnEJchMv1ba0=
github.com/db-journey/cassandra-driver v1.1.1/go.mod h1:M6ylzb8rE/+1Jb1MhBCX3oDQuITeYuDLDPLHevovh0s=
github.com/db-journey/migrate v2.0.0+incompatible h1:heh263YgHne8Fp+XvgDf427MjfB4jV1W19O+7vqU3pU=
github.com/db-journey/migrate v2.0.0+incompatible/go.mod h1:mJTA43EQJ94pqUpLXH0qsTgn7OnO56iLy2q5ywaYUy4=
github.com/db-journey/migrate/v2 v2.0.4 h1:1Bkr3z5GrlUAe82r1u0SH9Zy2xL60eRCJqL7aNataVI=
github.com/db-journey/migrate/v2 v2.0.4/go.mod h1:VUDXMSsL9smYwyNlfrmMeHXOEwmy7sPVZsidSdYk3qg=
github.com/db-journey/mysql-driver v0.0.0-20190914135739-ff1e682e55d1 h1:P6snQ1jNIUxMLC9ABzAKKbmZWgQxW+oquMipE64HLE4=
github.com/db-journey/mysql-driver v0.0.0-20190914135739-ff1e682e55d1/go.mod h1:r/f+plel3B1S9Qv5Cc1OQesraRpHwagRaw8LE0cWc7k=
github.com/db-journey/mysql-driver v1.0.1 h1:XOoE8NTWl7Wc0iYl2A1f90cV3CK5LYGa/9esj0MwZ58=
github.com/db-journey/mysql-driver v1.0.1/go.mod h1:wNNENzkYd7c2OA6EcKR0XiU7S4IuHm7mTcOsdSi3BTQ=
github.com/db-journey/postgresql-driver v0.0.0-20190914135041-b502d4210454 h1:RUDSmkM9o4LBaX7/cH8bPtMjLZI7XGE5W+ZXISS5MMM=
github.com/db-journey/postgresql-driver v0.0.0-20190914135041-b502d4210454/go.mod h1:AP+PCklq/+0BGQCHEMCHptAKB/r7wDgPIySiXUJcdC0=
github.com/db-journey/postgresql-driver v1.0.1 h1:64hanlH8S4lZ9cKmlGAi/Q2Q+8llwz7nLByNBpftpCM=
github.com/db-journey/postgresql-driver v1.0.1/go.mod h1:NaRvjCe1E5IV7zqWc3L9loLWwZhp7RAabMOCWguV9es=
github.com/db-journey/sqlite3-driver v0.0.0-20190914135101-61d2f23fe986 h1:0BwQT1Y88HaaqrhRD4pI0cFMAKucoSsLGlHoDHnAA5M=
github.com/db-journey/sqlite3-driver v0.0.0-20190914135101-61d2f23fe986/go.mod h1:oAgZvQ7a7W1PbSiwN+nU0CsChB4ciAsVmYVeVrfie8w=
github.com/db-journey/sqlite3-driver v1.0.1 h1:z/IPe6PzKW/u9bMebu/DSdgHg8XuDaN3QOnAyQObVPs=
github.com/db-journey/sqlite3-driver v1.0.1/go.mod h1:p2nsp21+BXIVs+XgmYTohkTecAMNv7krqH7gNHMvaxc=
github.com/go-sql-driver/mysql v1.4.1 h1:g24URVg0OFbNUTx9qqY1IRZ9D9z3iPyi5zKhQZpNwpA=
github.com/go-sql-driver/mysql v1.4.1/go.mod h1:zAC/RDZ24gD3HViQzih4MyKcchzm+sOG5ZlKdlhCg5w=
github.com/gocql/gocql v0.0.0-20190910075112-d63913db787c h1:c8axRoOul5Nf80UpwiLUiEC0s0fW4KFi4V7jYNdi/wQ=
github.com/gocql/gocql v0.0.0-20190910075112-d63913db787c/go.mod h1:Q7Sru5153KG8D9zwueuQJB3ccJf9/bIwF/x8b3oKgT8=
github.com/gocql/gocql v0.0.0-20191126110522-1982a06ad6b9 h1:90F3aCM6RNWVC05yJUGbgxgNoDdXyy4mQ8S893sSEm8=
github.com/gocql/gocql v0.0.0-20191126110522-1982a06ad6b9/go.mod h1:DL0ekTmBSTdlNF25Orwt/JMzqIq3EJ4MVa/J/uK64OY=
github.com/golang/protobuf v1.3.1 h1:YF8+flBXS5eO826T4nzqPrxfhQThhXl0YzfuUPu4SBg=
github.com/golang/protobuf v1.3.1/go.mod h1:6lQm79b+lXiMfvg/cZm0SGofjICqVBUtrP5yJMmIC1U=
github.com/golang/snappy v0.0.0-20170215233205-553a64147049 h1:K9KHZbXKpGydfDN0aZrsoHpLJlZsBrGMFWbgLDGnPZk=
github.com/golang/snappy v0.0.0-20170215233205-553a64147049/go.mod h1:/XxbfmMg8lxefKM7IXC3fBNl/7bRcc72aCRzEWrmP2Q=
github.com/golang/snappy v0.0.1 h1:Qgr9rKW7uDUkrbSmQeiDsGa8SjGyCOGtuasMWwvp2P4=
github.com/golang/snappy v0.0.1/go.mod h1:/XxbfmMg8lxefKM7IXC3fBNl/7bRcc72aCRzEWrmP2Q=
github.com/hailocab/go-hostpool v0.0.0-20160125115350-e80d13ce29ed h1:5upAirOpQc1Q53c0bnx2ufif5kANL7bfZWcc6VJWJd8=
github.com/hailocab/go-hostpool v0.0.0-20160125115350-e80d13ce29ed/go.mod h1:tMWxXQ9wFIaZeTI9F+hmhFiGpFmhOHzyShyFUhRm0H4=
github.com/kr/pretty v0.1.0 h1:L/CwN0zerZDmRFUapSPitk6f+Q3+0za1rQkzVuMiMFI=
github.com/kr/pretty v0.1.0/go.mod h1:dAy3ld7l9f0ibDNOQOHHMYYIIbhfbHSm3C4ZsoJORNo=
github.com/kr/pty v1.1.1/go.mod h1:pFQYn66WHrOpPYNljwOMqo10TkYh1fy3cYio2l3bCsQ=
github.com/kr/text v0.1.0 h1:45sCR5RtlFHMR4UwH9sdQ5TC8v0qDQCHnXt+kaKSTVE=
github.com/kr/text v0.1.0/go.mod h1:4Jbv+DJW3UT/LiOwJeYQe1efqtUx/iVham/4vfdArNI=
github.com/lib/pq v1.2.0 h1:LXpIM/LZ5xGFhOpXAQUIMM1HdyqzVYM13zNdjCEEcA0=
github.com/lib/pq v1.2.0/go.mod h1:5WUZQaWbwv1U+lTReE5YruASi9Al49XbQIvNi/34Woo=
github.com/mattn/go-sqlite3 v1.11.0 h1:LDdKkqtYlom37fkvqs8rMPFKAMe8+SgjbwZ6ex1/A/Q=
github.com/mattn/go-sqlite3 v1.11.0/go.mod h1:FPy6KqzDD04eiIsT53CuJW3U88zkxoIYsOqkbpncsNc=
github.com/pmezard/go-difflib v1.0.0 h1:4DBwDE0NGyQoBHbLQYPwSUPoCMWR5BEzIk/f1lZbAQM=
github.com/pmezard/go-difflib v1.0.0/go.mod h1:iKH77koFhYxTK1pcRnkKkqfTogsbg7gZNVY4sRDYZ/4=
github.com/stretchr/objx v0.1.0/go.mod h1:HFkY916IF+rwdDfMAkV7OtwuqBVzrE8GR6GFx+wExME=
github.com/stretchr/testify v1.3.0 h1:TivCn/peBQ7UY8ooIcPgZFpTNSz0Q2U6UrFlUfqbe0Q=
github.com/stretchr/testify v1.3.0/go.mod h1:M5WIy9Dh21IEIfnGCwXGc5bZfKNJtfHm1UVUgZn+9EI=
golang.org/x/crypto v0.0.0-20190308221718-c2843e01d9a2/go.mod h1:djNgcEr1/C05ACkg1iLfiJU5Ep61QUkGW8qpdssI0+w=
golang.org/x/crypto v0.0.0-20190605123033-f99c8df09eb5/go.mod h1:yigFU9vqHzYiE8UmvKecakEJjdnWj3jj499lnFckfCI=
golang.org/x/net v0.0.0-20190311183353-d8887717615a/go.mod h1:t9HGtf8HONx5eT2rtn7q6eTqICYqUVnKs3thJo3Qplg=
golang.org/x/net v0.0.0-20190404232315-eb5bcb51f2a3/go.mod h1:t9HGtf8HONx5eT2rtn7q6eTqICYqUVnKs3thJo3Qplg=
golang.org/x/net v0.0.0-20190603091049-60506f45cf65 h1:+rhAzEzT3f4JtomfC371qB+0Ola2caSKcY69NUBZrRQ=
golang.org/x/net v0.0.0-20190603091049-60506f45cf65/go.mod h1:HSz+uSET+XFnRR8LxR5pz3Of3rY3CfYBVs4xY44aLks=
golang.org/x/sync v0.0.0-20190423024810-112230192c58/go.mod h1:RxMgew5VJxzue5/jJTE5uejpjVlOe/izrB70Jof72aM=
golang.org/x/sys v0.0.0-20190215142949-d0b11bdaac8a/go.mod h1:STP8DvDyc/dI5b8T5hshtkjS+E42TnysNCUPdjciGhY=
golang.org/x/sys v0.0.0-20190412213103-97732733099d/go.mod h1:h1NjWce9XRLGQEsW7wpKNCjG9DtNlClVuFLEZdDNbEs=
golang.org/x/sys v0.0.0-20190606165138-5da285871e9c/go.mod h1:h1NjWce9XRLGQEsW7wpKNCjG9DtNlClVuFLEZdDNbEs=
golang.org/x/text v0.3.0/go.mod h1:NqM8EUOU14njkJ3fqMW+pc6Ldnwhi/IjpwHt7yyuwOQ=
golang.org/x/text v0.3.2/go.mod h1:bEr9sfX3Q8Zfm5fL9x+3itogRgK3+ptLWKqgva+5dAk=
golang.org/x/tools v0.0.0-20180917221912-90fa682c2a6e/go.mod h1:n7NCudcB/nEzxVGmLbDWY5pfWTLqBcC2KZ6jyYvM4mQ=
golang.org/x/tools v0.0.0-20190606124116-d0a3d012864b/go.mod h1:/rFqwRUd4F7ZHNgwSSTFct+R/Kf4OFW1sUzUTQQTgfc=
google.golang.org/appengine v1.6.2 h1:j8RI1yW0SkI+paT6uGwMlrMI/6zwYA6/CFil8rxOzGI=
google.golang.org/appengine v1.6.2/go.mod h1:i06prIuMbXzDqacNJfV5OdTW448YApPu5ww/cMBSeb0=
google.golang.org/appengine v1.6.5 h1:tycE03LOZYQNhDpS27tcQdAzLCVMaj7QT2SXxebnpCM=
google.golang.org/appengine v1.6.5/go.mod h1:8WjMMxjGQR8xUklV/ARdw2HLXBOI7O7uCIDZVag1xfc=
gopkg.in/inf.v0 v0.9.1 h1:73M5CoZyi3ZLMOyDlQh031Cx6N9NDJ2Vvfl76EDAgDc=
gopkg.in/inf.v0 v0.9.1/go.mod h1:cWUDdTG/fYaXco+Dcufb5Vnc6Gp2YChqWtbxRZE0mXw=
